// !$*UTF8*$!
{
	archiveVersion = 1;
	classes = {
	};
	objectVersion = 55;
	objects = {

/* Begin PBXBuildFile section */
		4197746427F9CE6500DAD7FE /* AppDelegate.swift in Sources */ = {isa = PBXBuildFile; fileRef = 4197746327F9CE6500DAD7FE /* AppDelegate.swift */; };
		4197746627F9CE6500DAD7FE /* SceneDelegate.swift in Sources */ = {isa = PBXBuildFile; fileRef = 4197746527F9CE6500DAD7FE /* SceneDelegate.swift */; };
		4197746827F9CE6500DAD7FE /* ViewController.swift in Sources */ = {isa = PBXBuildFile; fileRef = 4197746727F9CE6500DAD7FE /* ViewController.swift */; };
		4197746B27F9CE6500DAD7FE /* Main.storyboard in Resources */ = {isa = PBXBuildFile; fileRef = 4197746927F9CE6500DAD7FE /* Main.storyboard */; };
		4197746D27F9CE6600DAD7FE /* Assets.xcassets in Resources */ = {isa = PBXBuildFile; fileRef = 4197746C27F9CE6600DAD7FE /* Assets.xcassets */; };
		4197747027F9CE6600DAD7FE /* LaunchScreen.storyboard in Resources */ = {isa = PBXBuildFile; fileRef = 4197746E27F9CE6600DAD7FE /* LaunchScreen.storyboard */; };
		419A291C27FACB8000FC3AE3 /* Qusetion.swift in Sources */ = {isa = PBXBuildFile; fileRef = 419A291B27FACB8000FC3AE3 /* Qusetion.swift */; };
		4C5E8C37DC37EE91A29FB0E3 /* Pods_QuestionAndAnswers.framework in Frameworks */ = {isa = PBXBuildFile; fileRef = 23D0A32E974403809878DAC1 /* Pods_QuestionAndAnswers.framework */; };
/* End PBXBuildFile section */

/* Begin PBXFileReference section */
		23D0A32E974403809878DAC1 /* Pods_QuestionAndAnswers.framework */ = {isa = PBXFileReference; explicitFileType = wrapper.framework; includeInIndex = 0; path = Pods_QuestionAndAnswers.framework; sourceTree = BUILT_PRODUCTS_DIR; };
		4197746027F9CE6500DAD7FE /* QuestionAndAnswers.app */ = {isa = PBXFileReference; explicitFileType = wrapper.application; includeInIndex = 0; path = QuestionAndAnswers.app; sourceTree = BUILT_PRODUCTS_DIR; };
		4197746327F9CE6500DAD7FE /* AppDelegate.swift */ = {isa = PBXFileReference; lastKnownFileType = sourcecode.swift; path = AppDelegate.swift; sourceTree = "<group>"; };
		4197746527F9CE6500DAD7FE /* SceneDelegate.swift */ = {isa = PBXFileReference; lastKnownFileType = sourcecode.swift; path = SceneDelegate.swift; sourceTree = "<group>"; };
		4197746727F9CE6500DAD7FE /* ViewController.swift */ = {isa = PBXFileReference; lastKnownFileType = sourcecode.swift; path = ViewController.swift; sourceTree = "<group>"; };
		4197746A27F9CE6500DAD7FE /* Base */ = {isa = PBXFileReference; lastKnownFileType = file.storyboard; name = Base; path = Base.lproj/Main.storyboard; sourceTree = "<group>"; };
		4197746C27F9CE6600DAD7FE /* Assets.xcassets */ = {isa = PBXFileReference; lastKnownFileType = folder.assetcatalog; path = Assets.xcassets; sourceTree = "<group>"; };
		4197746F27F9CE6600DAD7FE /* Base */ = {isa = PBXFileReference; lastKnownFileType = file.storyboard; name = Base; path = Base.lproj/LaunchScreen.storyboard; sourceTree = "<group>"; };
		4197747127F9CE6600DAD7FE /* Info.plist */ = {isa = PBXFileReference; lastKnownFileType = text.plist.xml; path = Info.plist; sourceTree = "<group>"; };
		419A291B27FACB8000FC3AE3 /* Qusetion.swift */ = {isa = PBXFileReference; lastKnownFileType = sourcecode.swift; path = Qusetion.swift; sourceTree = "<group>"; };
		7EBF730A41DCBF574C9E4B12 /* Pods-QuestionAndAnswers.debug.xcconfig */ = {isa = PBXFileReference; includeInIndex = 1; lastKnownFileType = text.xcconfig; name = "Pods-QuestionAndAnswers.debug.xcconfig"; path = "Target Support Files/Pods-QuestionAndAnswers/Pods-QuestionAndAnswers.debug.xcconfig"; sourceTree = "<group>"; };
		DEA57C774F6675D6A7540D6B /* Pods-QuestionAndAnswers.release.xcconfig */ = {isa = PBXFileReference; includeInIndex = 1; lastKnownFileType = text.xcconfig; name = "Pods-QuestionAndAnswers.release.xcconfig"; path = "Target Support Files/Pods-QuestionAndAnswers/Pods-QuestionAndAnswers.release.xcconfig"; sourceTree = "<group>"; };
/* End PBXFileReference section */

/* Begin PBXFrameworksBuildPhase section */
		4197745D27F9CE6500DAD7FE /* Frameworks */ = {
			isa = PBXFrameworksBuildPhase;
			buildActionMask = 2147483647;
			files = (
				4C5E8C37DC37EE91A29FB0E3 /* Pods_QuestionAndAnswers.framework in Frameworks */,
			);
			runOnlyForDeploymentPostprocessing = 0;
		};
/* End PBXFrameworksBuildPhase section */

/* Begin PBXGroup section */
		24BF4D2AAC49854CE59AA67F /* Frameworks */ = {
			isa = PBXGroup;
			children = (
				23D0A32E974403809878DAC1 /* Pods_QuestionAndAnswers.framework */,
			);
			name = Frameworks;
			sourceTree = "<group>";
		};
		4197745727F9CE6500DAD7FE = {
			isa = PBXGroup;
			children = (
				4197746227F9CE6500DAD7FE /* QuestionAndAnswers */,
				4197746127F9CE6500DAD7FE /* Products */,
				ECAE0E8C2BCF65FF57A6A749 /* Pods */,
				24BF4D2AAC49854CE59AA67F /* Frameworks */,
			);
			sourceTree = "<group>";
		};
		4197746127F9CE6500DAD7FE /* Products */ = {
			isa = PBXGroup;
			children = (
				4197746027F9CE6500DAD7FE /* QuestionAndAnswers.app */,
			);
			name = Products;
			sourceTree = "<group>";
		};
		4197746227F9CE6500DAD7FE /* QuestionAndAnswers */ = {
			isa = PBXGroup;
			children = (
				4197746327F9CE6500DAD7FE /* AppDelegate.swift */,
				4197746527F9CE6500DAD7FE /* SceneDelegate.swift */,
				4197746727F9CE6500DAD7FE /* ViewController.swift */,
				419A291B27FACB8000FC3AE3 /* Qusetion.swift */,
				4197746927F9CE6500DAD7FE /* Main.storyboard */,
				4197746C27F9CE6600DAD7FE /* Assets.xcassets */,
				4197746E27F9CE6600DAD7FE /* LaunchScreen.storyboard */,
				4197747127F9CE6600DAD7FE /* Info.plist */,
			);
			path = QuestionAndAnswers;
			sourceTree = "<group>";
		};
		ECAE0E8C2BCF65FF57A6A749 /* Pods */ = {
			isa = PBXGroup;
			children = (
				7EBF730A41DCBF574C9E4B12 /* Pods-QuestionAndAnswers.debug.xcconfig */,
				DEA57C774F6675D6A7540D6B /* Pods-QuestionAndAnswers.release.xcconfig */,
			);
			path = Pods;
			sourceTree = "<group>";
		};
/* End PBXGroup section */

/* Begin PBXNativeTarget section */
		4197745F27F9CE6500DAD7FE /* QuestionAndAnswers */ = {
			isa = PBXNativeTarget;
			buildConfigurationList = 4197747427F9CE6600DAD7FE /* Build configuration list for PBXNativeTarget "QuestionAndAnswers" */;
			buildPhases = (
				D931E0FACA24718D9C966E5F /* [CP] Check Pods Manifest.lock */,
				4197745C27F9CE6500DAD7FE /* Sources */,
				4197745D27F9CE6500DAD7FE /* Frameworks */,
				4197745E27F9CE6500DAD7FE /* Resources */,
				A2ECDA786F22C36C0D10EA62 /* [CP] Embed Pods Frameworks */,
			);
			buildRules = (
			);
			dependencies = (
			);
			name = QuestionAndAnswers;
			productName = QuestionAndAnswers;
			productReference = 4197746027F9CE6500DAD7FE /* QuestionAndAnswers.app */;
			productType = "com.apple.product-type.application";
		};
/* End PBXNativeTarget section */

/* Begin PBXProject section */
		4197745827F9CE6500DAD7FE /* Project object */ = {
			isa = PBXProject;
			attributes = {
				BuildIndependentTargetsInParallel = 1;
				LastSwiftUpdateCheck = 1330;
				LastUpgradeCheck = 1330;
				TargetAttributes = {
					4197745F27F9CE6500DAD7FE = {
						CreatedOnToolsVersion = 13.3;
					};
				};
			};
			buildConfigurationList = 4197745B27F9CE6500DAD7FE /* Build configuration list for PBXProject "QuestionAndAnswers" */;
			compatibilityVersion = "Xcode 13.0";
			developmentRegion = en;
			hasScannedForEncodings = 0;
			knownRegions = (
				en,
				Base,
			);
			mainGroup = 4197745727F9CE6500DAD7FE;
			productRefGroup = 4197746127F9CE6500DAD7FE /* Products */;
			projectDirPath = "";
			projectRoot = "";
			targets = (
				4197745F27F9CE6500DAD7FE /* QuestionAndAnswers */,
			);
		};
/* End PBXProject section */

/* Begin PBXResourcesBuildPhase section */
		4197745E27F9CE6500DAD7FE /* Resources */ = {
			isa = PBXResourcesBuildPhase;
			buildActionMask = 2147483647;
			files = (
				4197747027F9CE6600DAD7FE /* LaunchScreen.storyboard in Resources */,
				4197746D27F9CE6600DAD7FE /* Assets.xcassets in Resources */,
				4197746B27F9CE6500DAD7FE /* Main.storyboard in Resources */,
			);
			runOnlyForDeploymentPostprocessing = 0;
		};
/* End PBXResourcesBuildPhase section */

/* Begin PBXShellScriptBuildPhase section */
		A2ECDA786F22C36C0D10EA62 /* [CP] Embed Pods Frameworks */ = {
			isa = PBXShellScriptBuildPhase;
			buildActionMask = 2147483647;
			files = (
			);
			inputFileListPaths = (
				"${PODS_ROOT}/Target Support Files/Pods-QuestionAndAnswers/Pods-QuestionAndAnswers-frameworks-${CONFIGURATION}-input-files.xcfilelist",
			);
			name = "[CP] Embed Pods Frameworks";
			outputFileListPaths = (
				"${PODS_ROOT}/Target Support Files/Pods-QuestionAndAnswers/Pods-QuestionAndAnswers-frameworks-${CONFIGURATION}-output-files.xcfilelist",
			);
			runOnlyForDeploymentPostprocessing = 0;
			shellPath = /bin/sh;
			shellScript = "\"${PODS_ROOT}/Target Support Files/Pods-QuestionAndAnswers/Pods-QuestionAndAnswers-frameworks.sh\"\n";
			showEnvVarsInLog = 0;
		};
		D931E0FACA24718D9C966E5F /* [CP] Check Pods Manifest.lock */ = {
			isa = PBXShellScriptBuildPhase;
			buildActionMask = 2147483647;
			files = (
			);
			inputFileListPaths = (
			);
			inputPaths = (
				"${PODS_PODFILE_DIR_PATH}/Podfile.lock",
				"${PODS_ROOT}/Manifest.lock",
			);
			name = "[CP] Check Pods Manifest.lock";
			outputFileListPaths = (
			);
			outputPaths = (
				"$(DERIVED_FILE_DIR)/Pods-QuestionAndAnswers-checkManifestLockResult.txt",
			);
			runOnlyForDeploymentPostprocessing = 0;
			shellPath = /bin/sh;
			shellScript = "diff \"${PODS_PODFILE_DIR_PATH}/Podfile.lock\" \"${PODS_ROOT}/Manifest.lock\" > /dev/null\nif [ $? != 0 ] ; then\n    # print error to STDERR\n    echo \"error: The sandbox is not in sync with the Podfile.lock. Run 'pod install' or update your CocoaPods installation.\" >&2\n    exit 1\nfi\n# This output is used by Xcode 'outputs' to avoid re-running this script phase.\necho \"SUCCESS\" > \"${SCRIPT_OUTPUT_FILE_0}\"\n";
			showEnvVarsInLog = 0;
		};
/* End PBXShellScriptBuildPhase section */

/* Begin PBXSourcesBuildPhase section */
		4197745C27F9CE6500DAD7FE /* Sources */ = {
			isa = PBXSourcesBuildPhase;
			buildActionMask = 2147483647;
			files = (
				4197746827F9CE6500DAD7FE /* ViewController.swift in Sources */,
				419A291C27FACB8000FC3AE3 /* Qusetion.swift in Sources */,
				4197746427F9CE6500DAD7FE /* AppDelegate.swift in Sources */,
				4197746627F9CE6500DAD7FE /* SceneDelegate.swift in Sources */,
			);
			runOnlyForDeploymentPostprocessing = 0;
		};
/* End PBXSourcesBuildPhase section */

/* Begin PBXVariantGroup section */
		4197746927F9CE6500DAD7FE /* Main.storyboard */ = {
			isa = PBXVariantGroup;
			children = (
				4197746A27F9CE6500DAD7FE /* Base */,
			);
			name = Main.storyboard;
			sourceTree = "<group>";
		};
		4197746E27F9CE6600DAD7FE /* LaunchScreen.storyboard */ = {
			isa = PBXVariantGroup;
			children = (
				4197746F27F9CE6600DAD7FE /* Base */,
			);
			name = LaunchScreen.storyboard;
			sourceTree = "<group>";
		};
/* End PBXVariantGroup section */

/* Begin XCBuildConfiguration section */
		4197747227F9CE6600DAD7FE /* Debug */ = {
			isa = XCBuildConfiguration;
			buildSettings = {
				ALWAYS_SEARCH_USER_PATHS = NO;
				CLANG_ANALYZER_NONNULL = YES;
				CLANG_ANALYZER_NUMBER_OBJECT_CONVERSION = YES_AGGRESSIVE;
				CLANG_CXX_LANGUAGE_STANDARD = "gnu++17";
				CLANG_ENABLE_MODULES = YES;
				CLANG_ENABLE_OBJC_ARC = YES;
				CLANG_ENABLE_OBJC_WEAK = YES;
				CLANG_WARN_BLOCK_CAPTURE_AUTORELEASING = YES;
				CLANG_WARN_BOOL_CONVERSION = YES;
				CLANG_WARN_COMMA = YES;
				CLANG_WARN_CONSTANT_CONVERSION = YES;
				CLANG_WARN_DEPRECATED_OBJC_IMPLEMENTATIONS = YES;
				CLANG_WARN_DIRECT_OBJC_ISA_USAGE = YES_ERROR;
				CLANG_WARN_DOCUMENTATION_COMMENTS = YES;
				CLANG_WARN_EMPTY_BODY = YES;
				CLANG_WARN_ENUM_CONVERSION = YES;
				CLANG_WARN_INFINITE_RECURSION = YES;
				CLANG_WARN_INT_CONVERSION = YES;
				CLANG_WARN_NON_LITERAL_NULL_CONVERSION = YES;
				CLANG_WARN_OBJC_IMPLICIT_RETAIN_SELF = YES;
				CLANG_WARN_OBJC_LITERAL_CONVERSION = YES;
				CLANG_WARN_OBJC_ROOT_CLASS = YES_ERROR;
				CLANG_WARN_QUOTED_INCLUDE_IN_FRAMEWORK_HEADER = YES;
				CLANG_WARN_RANGE_LOOP_ANALYSIS = YES;
				CLANG_WARN_STRICT_PROTOTYPES = YES;
				CLANG_WARN_SUSPICIOUS_MOVE = YES;
				CLANG_WARN_UNGUARDED_AVAILABILITY = YES_AGGRESSIVE;
				CLANG_WARN_UNREACHABLE_CODE = YES;
				CLANG_WARN__DUPLICATE_METHOD_MATCH = YES;
				COPY_PHASE_STRIP = NO;
				DEBUG_INFORMATION_FORMAT = dwarf;
				ENABLE_STRICT_OBJC_MSGSEND = YES;
				ENABLE_TESTABILITY = YES;
				GCC_C_LANGUAGE_STANDARD = gnu11;
				GCC_DYNAMIC_NO_PIC = NO;
				GCC_NO_COMMON_BLOCKS = YES;
				GCC_OPTIMIZATION_LEVEL = 0;
				GCC_PREPROCESSOR_DEFINITIONS = (
					"DEBUG=1",
					"$(inherited)",
				);
				GCC_WARN_64_TO_32_BIT_CONVERSION = YES;
				GCC_WARN_ABOUT_RETURN_TYPE = YES_ERROR;
				GCC_WARN_UNDECLARED_SELECTOR = YES;
				GCC_WARN_UNINITIALIZED_AUTOS = YES_AGGRESSIVE;
				GCC_WARN_UNUSED_FUNCTION = YES;
				GCC_WARN_UNUSED_VARIABLE = YES;
				IPHONEOS_DEPLOYMENT_TARGET = 15.4;
				MTL_ENABLE_DEBUG_INFO = INCLUDE_SOURCE;
				MTL_FAST_MATH = YES;
				ONLY_ACTIVE_ARCH = YES;
				SDKROOT = iphoneos;
				SWIFT_ACTIVE_COMPILATION_CONDITIONS = DEBUG;
				SWIFT_OPTIMIZATION_LEVEL = "-Onone";
			};
			name = Debug;
		};
		4197747327F9CE6600DAD7FE /* Release */ = {
			isa = XCBuildConfiguration;
			buildSettings = {
				ALWAYS_SEARCH_USER_PATHS = NO;
				CLANG_ANALYZER_NONNULL = YES;
				CLANG_ANALYZER_NUMBER_OBJECT_CONVERSION = YES_AGGRESSIVE;
				CLANG_CXX_LANGUAGE_STANDARD = "gnu++17";
				CLANG_ENABLE_MODULES = YES;
				CLANG_ENABLE_OBJC_ARC = YES;
				CLANG_ENABLE_OBJC_WEAK = YES;
				CLANG_WARN_BLOCK_CAPTURE_AUTORELEASING = YES;
				CLANG_WARN_BOOL_CONVERSION = YES;
				CLANG_WARN_COMMA = YES;
				CLANG_WARN_CONSTANT_CONVERSION = YES;
				CLANG_WARN_DEPRECATED_OBJC_IMPLEMENTATIONS = YES;
				CLANG_WARN_DIRECT_OBJC_ISA_USAGE = YES_ERROR;
				CLANG_WARN_DOCUMENTATION_COMMENTS = YES;
				CLANG_WARN_EMPTY_BODY = YES;
				CLANG_WARN_ENUM_CONVERSION = YES;
				CLANG_WARN_INFINITE_RECURSION = YES;
				CLANG_WARN_INT_CONVERSION = YES;
				CLANG_WARN_NON_LITERAL_NULL_CONVERSION = YES;
				CLANG_WARN_OBJC_IMPLICIT_RETAIN_SELF = YES;
				CLANG_WARN_OBJC_LITERAL_CONVERSION = YES;
				CLANG_WARN_OBJC_ROOT_CLASS = YES_ERROR;
				CLANG_WARN_QUOTED_INCLUDE_IN_FRAMEWORK_HEADER = YES;
				CLANG_WARN_RANGE_LOOP_ANALYSIS = YES;
				CLANG_WARN_STRICT_PROTOTYPES = YES;
				CLANG_WARN_SUSPICIOUS_MOVE = YES;
				CLANG_WARN_UNGUARDED_AVAILABILITY = YES_AGGRESSIVE;
				CLANG_WARN_UNREACHABLE_CODE = YES;
				CLANG_WARN__DUPLICATE_METHOD_MATCH = YES;
				COPY_PHASE_STRIP = NO;
				DEBUG_INFORMATION_FORMAT = "dwarf-with-dsym";
				ENABLE_NS_ASSERTIONS = NO;
				ENABLE_STRICT_OBJC_MSGSEND = YES;
				GCC_C_LANGUAGE_STANDARD = gnu11;
				GCC_NO_COMMON_BLOCKS = YES;
				GCC_WARN_64_TO_32_BIT_CONVERSION = YES;
				GCC_WARN_ABOUT_RETURN_TYPE = YES_ERROR;
				GCC_WARN_UNDECLARED_SELECTOR = YES;
				GCC_WARN_UNINITIALIZED_AUTOS = YES_AGGRESSIVE;
				GCC_WARN_UNUSED_FUNCTION = YES;
				GCC_WARN_UNUSED_VARIABLE = YES;
				IPHONEOS_DEPLOYMENT_TARGET = 15.4;
				MTL_ENABLE_DEBUG_INFO = NO;
				MTL_FAST_MATH = YES;
				SDKROOT = iphoneos;
				SWIFT_COMPILATION_MODE = wholemodule;
				SWIFT_OPTIMIZATION_LEVEL = "-O";
				VALIDATE_PRODUCT = YES;
			};
			name = Release;
		};
		4197747527F9CE6600DAD7FE /* Debug */ = {
			isa = XCBuildConfiguration;
			baseConfigurationReference = 7EBF730A41DCBF574C9E4B12 /* Pods-QuestionAndAnswers.debug.xcconfig */;
			buildSettings = {
				ASSETCATALOG_COMPILER_APPICON_NAME = AppIcon;
				ASSETCATALOG_COMPILER_GLOBAL_ACCENT_COLOR_NAME = AccentColor;
				CODE_SIGN_STYLE = Automatic;
				CURRENT_PROJECT_VERSION = 1;
				DEVELOPMENT_TEAM = PVC674W89Q;
				GENERATE_INFOPLIST_FILE = YES;
				INFOPLIST_FILE = QuestionAndAnswers/Info.plist;
				INFOPLIST_KEY_CFBundleDisplayName = "知识问答";
				INFOPLIST_KEY_UIApplicationSupportsIndirectInputEvents = YES;
				INFOPLIST_KEY_UILaunchStoryboardName = LaunchScreen;
				INFOPLIST_KEY_UIMainStoryboardFile = Main;
				INFOPLIST_KEY_UISupportedInterfaceOrientations_iPad = "UIInterfaceOrientationPortrait UIInterfaceOrientationPortraitUpsideDown UIInterfaceOrientationLandscapeLeft UIInterfaceOrientationLandscapeRight";
				INFOPLIST_KEY_UISupportedInterfaceOrientations_iPhone = UIInterfaceOrientationPortrait;
				LD_RUNPATH_SEARCH_PATHS = (
					"$(inherited)",
					"@executable_path/Frameworks",
				);
				MARKETING_VERSION = 1.0;
				PRODUCT_BUNDLE_IDENTIFIER = com.qiu.bytedance.QuestionAndAnswers;
				PRODUCT_NAME = "$(TARGET_NAME)";
				SWIFT_EMIT_LOC_STRINGS = YES;
				SWIFT_VERSION = 5.0;
				TARGETED_DEVICE_FAMILY = 1;
			};
			name = Debug;
		};
		4197747627F9CE6600DAD7FE /* Release */ = {
			isa = XCBuildConfiguration;
			baseConfigurationReference = DEA57C774F6675D6A7540D6B /* Pods-QuestionAndAnswers.release.xcconfig */;
			buildSettings = {
				ASSETCATALOG_COMPILER_APPICON_NAME = AppIcon;
				ASSETCATALOG_COMPILER_GLOBAL_ACCENT_COLOR_NAME = AccentColor;
				CODE_SIGN_STYLE = Automatic;
				CURRENT_PROJECT_VERSION = 1;
				DEVELOPMENT_TEAM = PVC674W89Q;
				GENERATE_INFOPLIST_FILE = YES;
				INFOPLIST_FILE = QuestionAndAnswers/Info.plist;
				INFOPLIST_KEY_CFBundleDisplayName = "知识问答";
				INFOPLIST_KEY_UIApplicationSupportsIndirectInputEvents = YES;
				INFOPLIST_KEY_UILaunchStoryboardName = LaunchScreen;
				INFOPLIST_KEY_UIMainStoryboardFile = Main;
				INFOPLIST_KEY_UISupportedInterfaceOrientations_iPad = "UIInterfaceOrientationPortrait UIInterfaceOrientationPortraitUpsideDown UIInterfaceOrientationLandscapeLeft UIInterfaceOrientationLandscapeRight";
				INFOPLIST_KEY_UISupportedInterfaceOrientations_iPhone = UIInterfaceOrientationPortrait;
				LD_RUNPATH_SEARCH_PATHS = (
					"$(inherited)",
					"@executable_path/Frameworks",
				);
				MARKETING_VERSION = 1.0;
				PRODUCT_BUNDLE_IDENTIFIER = com.qiu.bytedance.QuestionAndAnswers;
				PRODUCT_NAME = "$(TARGET_NAME)";
				SWIFT_EMIT_LOC_STRINGS = YES;
				SWIFT_VERSION = 5.0;
				TARGETED_DEVICE_FAMILY = 1;
			};
			name = Release;
		};
/* End XCBuildConfiguration section */

/* Begin XCConfigurationList section */
		4197745B27F9CE6500DAD7FE /* Build configuration list for PBXProject "QuestionAndAnswers" */ = {
			isa = XCConfigurationList;
			buildConfigurations = (
				4197747227F9CE6600DAD7FE /* Debug */,
				4197747327F9CE6600DAD7FE /* Release */,
			);
			defaultConfigurationIsVisible = 0;
			defaultConfigurationName = Release;
		};
		4197747427F9CE6600DAD7FE /* Build configuration list for PBXNativeTarget "QuestionAndAnswers" */ = {
			isa = XCConfigurationList;
			buildConfigurations = (
				4197747527F9CE6600DAD7FE /* Debug */,
				4197747627F9CE6600DAD7FE /* Release */,
			);
			defaultConfigurationIsVisible = 0;
			defaultConfigurationName = Release;
		};
/* End XCConfigurationList section */
	};
	rootObject = 4197745827F9CE6500DAD7FE /* Project object */;
}
